// !$*UTF8*$!
{
	archiveVersion = 1;
	classes = {
	};
	objectVersion = 46;
	objects = {

/* Begin PBXBuildFile section */
		4972F5161CB6434600770F9C /* AppDelegate.swift in Sources */ = {isa = PBXBuildFile; fileRef = 4972F5151CB6434600770F9C /* AppDelegate.swift */; };
		4972F5181CB6434600770F9C /* ViewController.swift in Sources */ = {isa = PBXBuildFile; fileRef = 4972F5171CB6434600770F9C /* ViewController.swift */; };
		4972F51B1CB6434600770F9C /* Main.storyboard in Resources */ = {isa = PBXBuildFile; fileRef = 4972F5191CB6434600770F9C /* Main.storyboard */; };
		4972F51D1CB6434600770F9C /* Assets.xcassets in Resources */ = {isa = PBXBuildFile; fileRef = 4972F51C1CB6434600770F9C /* Assets.xcassets */; };
		4972F5201CB6434600770F9C /* LaunchScreen.storyboard in Resources */ = {isa = PBXBuildFile; fileRef = 4972F51E1CB6434600770F9C /* LaunchScreen.storyboard */; };
		4972F52B1CB6434600770F9C /* imageLoopTests.swift in Sources */ = {isa = PBXBuildFile; fileRef = 4972F52A1CB6434600770F9C /* imageLoopTests.swift */; };
		4972F5361CB6434600770F9C /* imageLoopUITests.swift in Sources */ = {isa = PBXBuildFile; fileRef = 4972F5351CB6434600770F9C /* imageLoopUITests.swift */; };
/* End PBXBuildFile section */

/* Begin PBXContainerItemProxy section */
		4972F5271CB6434600770F9C /* PBXContainerItemProxy */ = {
			isa = PBXContainerItemProxy;
			containerPortal = 4972F50A1CB6434600770F9C /* Project object */;
			proxyType = 1;
			remoteGlobalIDString = 4972F5111CB6434600770F9C;
			remoteInfo = imageLoop;
		};
		4972F5321CB6434600770F9C /* PBXContainerItemProxy */ = {
			isa = PBXContainerItemProxy;
			containerPortal = 4972F50A1CB6434600770F9C /* Project object */;
			proxyType = 1;
			remoteGlobalIDString = 4972F5111CB6434600770F9C;
			remoteInfo = imageLoop;
		};
/* End PBXContainerItemProxy section */

/* Begin PBXFileReference section */
		4972F5121CB6434600770F9C /* imageLoop.app */ = {isa = PBXFileReference; explicitFileType = wrapper.application; includeInIndex = 0; path = imageLoop.app; sourceTree = BUILT_PRODUCTS_DIR; };
		4972F5151CB6434600770F9C /* AppDelegate.swift */ = {isa = PBXFileReference; lastKnownFileType = sourcecode.swift; path = AppDelegate.swift; sourceTree = "<group>"; };
		4972F5171CB6434600770F9C /* ViewController.swift */ = {isa = PBXFileReference; lastKnownFileType = sourcecode.swift; path = ViewController.swift; sourceTree = "<group>"; };
		4972F51A1CB6434600770F9C /* Base */ = {isa = PBXFileReference; lastKnownFileType = file.storyboard; name = Base; path = Base.lproj/Main.storyboard; sourceTree = "<group>"; };
		4972F51C1CB6434600770F9C /* Assets.xcassets */ = {isa = PBXFileReference; lastKnownFileType = folder.assetcatalog; path = Assets.xcassets; sourceTree = "<group>"; };
		4972F51F1CB6434600770F9C /* Base */ = {isa = PBXFileReference; lastKnownFileType = file.storyboard; name = Base; path = Base.lproj/LaunchScreen.storyboard; sourceTree = "<group>"; };
		4972F5211CB6434600770F9C /* Info.plist */ = {isa = PBXFileReference; lastKnownFileType = text.plist.xml; path = Info.plist; sourceTree = "<group>"; };
		4972F5261CB6434600770F9C /* imageLoopTests.xctest */ = {isa = PBXFileReference; explicitFileType = wrapper.cfbundle; includeInIndex = 0; path = imageLoopTests.xctest; sourceTree = BUILT_PRODUCTS_DIR; };
		4972F52A1CB6434600770F9C /* imageLoopTests.swift */ = {isa = PBXFileReference; lastKnownFileType = sourcecode.swift; path = imageLoopTests.swift; sourceTree = "<group>"; };
		4972F52C1CB6434600770F9C /* Info.plist */ = {isa = PBXFileReference; lastKnownFileType = text.plist.xml; path = Info.plist; sourceTree = "<group>"; };
		4972F5311CB6434600770F9C /* imageLoopUITests.xctest */ = {isa = PBXFileReference; explicitFileType = wrapper.cfbundle; includeInIndex = 0; path = imageLoopUITests.xctest; sourceTree = BUILT_PRODUCTS_DIR; };
		4972F5351CB6434600770F9C /* imageLoopUITests.swift */ = {isa = PBXFileReference; lastKnownFileType = sourcecode.swift; path = imageLoopUITests.swift; sourceTree = "<group>"; };
		4972F5371CB6434600770F9C /* Info.plist */ = {isa = PBXFileReference; lastKnownFileType = text.plist.xml; path = Info.plist; sourceTree = "<group>"; };
/* End PBXFileReference section */

/* Begin PBXFrameworksBuildPhase section */
		4972F50F1CB6434600770F9C /* Frameworks */ = {
			isa = PBXFrameworksBuildPhase;
			buildActionMask = 2147483647;
			files = (
			);
			runOnlyForDeploymentPostprocessing = 0;
		};
		4972F5231CB6434600770F9C /* Frameworks */ = {
			isa = PBXFrameworksBuildPhase;
			buildActionMask = 2147483647;
			files = (
			);
			runOnlyForDeploymentPostprocessing = 0;
		};
		4972F52E1CB6434600770F9C /* Frameworks */ = {
			isa = PBXFrameworksBuildPhase;
			buildActionMask = 2147483647;
			files = (
			);
			runOnlyForDeploymentPostprocessing = 0;
		};
/* End PBXFrameworksBuildPhase section */

/* Begin PBXGroup section */
		4972F5091CB6434600770F9C = {
			isa = PBXGroup;
			children = (
				4972F5141CB6434600770F9C /* imageLoop */,
				4972F5291CB6434600770F9C /* imageLoopTests */,
				4972F5341CB6434600770F9C /* imageLoopUITests */,
				4972F5131CB6434600770F9C /* Products */,
			);
			sourceTree = "<group>";
		};
		4972F5131CB6434600770F9C /* Products */ = {
			isa = PBXGroup;
			children = (
				4972F5121CB6434600770F9C /* imageLoop.app */,
				4972F5261CB6434600770F9C /* imageLoopTests.xctest */,
				4972F5311CB6434600770F9C /* imageLoopUITests.xctest */,
			);
			name = Products;
			sourceTree = "<group>";
		};
		4972F5141CB6434600770F9C /* imageLoop */ = {
			isa = PBXGroup;
			children = (
				4972F5151CB6434600770F9C /* AppDelegate.swift */,
				4972F5171CB6434600770F9C /* ViewController.swift */,
				4972F5191CB6434600770F9C /* Main.storyboard */,
				4972F51C1CB6434600770F9C /* Assets.xcassets */,
				4972F51E1CB6434600770F9C /* LaunchScreen.storyboard */,
				4972F5211CB6434600770F9C /* Info.plist */,
			);
			path = imageLoop;
			sourceTree = "<group>";
		};
		4972F5291CB6434600770F9C /* imageLoopTests */ = {
			isa = PBXGroup;
			children = (
				4972F52A1CB6434600770F9C /* imageLoopTests.swift */,
				4972F52C1CB6434600770F9C /* Info.plist */,
			);
			path = imageLoopTests;
			sourceTree = "<group>";
		};
		4972F5341CB6434600770F9C /* imageLoopUITests */ = {
			isa = PBXGroup;
			children = (
				4972F5351CB6434600770F9C /* imageLoopUITests.swift */,
				4972F5371CB6434600770F9C /* Info.plist */,
			);
			path = imageLoopUITests;
			sourceTree = "<group>";
		};
/* End PBXGroup section */

/* Begin PBXNativeTarget section */
		4972F5111CB6434600770F9C /* imageLoop */ = {
			isa = PBXNativeTarget;
			buildConfigurationList = 4972F53A1CB6434600770F9C /* Build configuration list for PBXNativeTarget "imageLoop" */;
			buildPhases = (
				4972F50E1CB6434600770F9C /* Sources */,
				4972F50F1CB6434600770F9C /* Frameworks */,
				4972F5101CB6434600770F9C /* Resources */,
			);
			buildRules = (
			);
			dependencies = (
			);
			name = imageLoop;
			productName = imageLoop;
			productReference = 4972F5121CB6434600770F9C /* imageLoop.app */;
			productType = "com.apple.product-type.application";
		};
		4972F5251CB6434600770F9C /* imageLoopTests */ = {
			isa = PBXNativeTarget;
			buildConfigurationList = 4972F53D1CB6434600770F9C /* Build configuration list for PBXNativeTarget "imageLoopTests" */;
			buildPhases = (
				4972F5221CB6434600770F9C /* Sources */,
				4972F5231CB6434600770F9C /* Frameworks */,
				4972F5241CB6434600770F9C /* Resources */,
			);
			buildRules = (
			);
			dependencies = (
				4972F5281CB6434600770F9C /* PBXTargetDependency */,
			);
			name = imageLoopTests;
			productName = imageLoopTests;
			productReference = 4972F5261CB6434600770F9C /* imageLoopTests.xctest */;
			productType = "com.apple.product-type.bundle.unit-test";
		};
		4972F5301CB6434600770F9C /* imageLoopUITests */ = {
			isa = PBXNativeTarget;
			buildConfigurationList = 4972F5401CB6434600770F9C /* Build configuration list for PBXNativeTarget "imageLoopUITests" */;
			buildPhases = (
				4972F52D1CB6434600770F9C /* Sources */,
				4972F52E1CB6434600770F9C /* Frameworks */,
				4972F52F1CB6434600770F9C /* Resources */,
			);
			buildRules = (
			);
			dependencies = (
				4972F5331CB6434600770F9C /* PBXTargetDependency */,
			);
			name = imageLoopUITests;
			productName = imageLoopUITests;
			productReference = 4972F5311CB6434600770F9C /* imageLoopUITests.xctest */;
			productType = "com.apple.product-type.bundle.ui-testing";
		};
/* End PBXNativeTarget section */

/* Begin PBXProject section */
		4972F50A1CB6434600770F9C /* Project object */ = {
			isa = PBXProject;
			attributes = {
				LastSwiftUpdateCheck = 0720;
				LastUpgradeCheck = 0720;
				ORGANIZATIONNAME = liuhj;
				TargetAttributes = {
					4972F5111CB6434600770F9C = {
						CreatedOnToolsVersion = 7.2;
						DevelopmentTeam = 4GPAQCGECQ;
					};
					4972F5251CB6434600770F9C = {
						CreatedOnToolsVersion = 7.2;
						DevelopmentTeam = 4GPAQCGECQ;
						TestTargetID = 4972F5111CB6434600770F9C;
					};
					4972F5301CB6434600770F9C = {
						CreatedOnToolsVersion = 7.2;
						DevelopmentTeam = 4GPAQCGECQ;
						TestTargetID = 4972F5111CB6434600770F9C;
					};
				};
			};
			buildConfigurationList = 4972F50D1CB6434600770F9C /* Build configuration list for PBXProject "imageLoop" */;
			compatibilityVersion = "Xcode 3.2";
			developmentRegion = English;
			hasScannedForEncodings = 0;
			knownRegions = (
				en,
				Base,
			);
			mainGroup = 4972F5091CB6434600770F9C;
			productRefGroup = 4972F5131CB6434600770F9C /* Products */;
			projectDirPath = "";
			projectRoot = "";
			targets = (
				4972F5111CB6434600770F9C /* imageLoop */,
				4972F5251CB6434600770F9C /* imageLoopTests */,
				4972F5301CB6434600770F9C /* imageLoopUITests */,
			);
		};
/* End PBXProject section */

/* Begin PBXResourcesBuildPhase section */
		4972F5101CB6434600770F9C /* Resources */ = {
			isa = PBXResourcesBuildPhase;
			buildActionMask = 2147483647;
			files = (
				4972F5201CB6434600770F9C /* LaunchScreen.storyboard in Resources */,
				4972F51D1CB6434600770F9C /* Assets.xcassets in Resources */,
				4972F51B1CB6434600770F9C /* Main.storyboard in Resources */,
			);
			runOnlyForDeploymentPostprocessing = 0;
		};
		4972F5241CB6434600770F9C /* Resources */ = {
			isa = PBXResourcesBuildPhase;
			buildActionMask = 2147483647;
			files = (
			);
			runOnlyForDeploymentPostprocessing = 0;
		};
		4972F52F1CB6434600770F9C /* Resources */ = {
			isa = PBXResourcesBuildPhase;
			buildActionMask = 2147483647;
			files = (
			);
			runOnlyForDeploymentPostprocessing = 0;
		};
/* End PBXResourcesBuildPhase section */

/* Begin PBXSourcesBuildPhase section */
		4972F50E1CB6434600770F9C /* Sources */ = {
			isa = PBXSourcesBuildPhase;
			buildActionMask = 2147483647;
			files = (
				4972F5181CB6434600770F9C /* ViewController.swift in Sources */,
				4972F5161CB6434600770F9C /* AppDelegate.swift in Sources */,
			);
			runOnlyForDeploymentPostprocessing = 0;
		};
		4972F5221CB6434600770F9C /* Sources */ = {
			isa = PBXSourcesBuildPhase;
			buildActionMask = 2147483647;
			files = (
				4972F52B1CB6434600770F9C /* imageLoopTests.swift in Sources */,
			);
			runOnlyForDeploymentPostprocessing = 0;
		};
		4972F52D1CB6434600770F9C /* Sources */ = {
			isa = PBXSourcesBuildPhase;
			buildActionMask = 2147483647;
			files = (
				4972F5361CB6434600770F9C /* imageLoopUITests.swift in Sources */,
			);
			runOnlyForDeploymentPostprocessing = 0;
		};
/* End PBXSourcesBuildPhase section */

/* Begin PBXTargetDependency section */
		4972F5281CB6434600770F9C /* PBXTargetDependency */ = {
			isa = PBXTargetDependency;
			target = 4972F5111CB6434600770F9C /* imageLoop */;
			targetProxy = 4972F5271CB6434600770F9C /* PBXContainerItemProxy */;
		};
		4972F5331CB6434600770F9C /* PBXTargetDependency */ = {
			isa = PBXTargetDependency;
			target = 4972F5111CB6434600770F9C /* imageLoop */;
			targetProxy = 4972F5321CB6434600770F9C /* PBXContainerItemProxy */;
		};
/* End PBXTargetDependency section */

/* Begin PBXVariantGroup section */
		4972F5191CB6434600770F9C /* Main.storyboard */ = {
			isa = PBXVariantGroup;
			children = (
				4972F51A1CB6434600770F9C /* Base */,
			);
			name = Main.storyboard;
			sourceTree = "<group>";
		};
		4972F51E1CB6434600770F9C /* LaunchScreen.storyboard */ = {
			isa = PBXVariantGroup;
			children = (
				4972F51F1CB6434600770F9C /* Base */,
			);
			name = LaunchScreen.storyboard;
			sourceTree = "<group>";
		};
/* End PBXVariantGroup section */

/* Begin XCBuildConfiguration section */
		4972F5381CB6434600770F9C /* Debug */ = {
			isa = XCBuildConfiguration;
			buildSettings = {
				ALWAYS_SEARCH_USER_PATHS = NO;
				CLANG_CXX_LANGUAGE_STANDARD = "gnu++0x";
				CLANG_CXX_LIBRARY = "libc++";
				CLANG_ENABLE_MODULES = YES;
				CLANG_ENABLE_OBJC_ARC = YES;
				CLANG_WARN_BOOL_CONVERSION = YES;
				CLANG_WARN_CONSTANT_CONVERSION = YES;
				CLANG_WARN_DIRECT_OBJC_ISA_USAGE = YES_ERROR;
				CLANG_WARN_EMPTY_BODY = YES;
				CLANG_WARN_ENUM_CONVERSION = YES;
				CLANG_WARN_INT_CONVERSION = YES;
				CLANG_WARN_OBJC_ROOT_CLASS = YES_ERROR;
				CLANG_WARN_UNREACHABLE_CODE = YES;
				CLANG_WARN__DUPLICATE_METHOD_MATCH = YES;
				"CODE_SIGN_IDENTITY[sdk=iphoneos*]" = "iPhone Developer";
				COPY_PHASE_STRIP = NO;
				DEBUG_INFORMATION_FORMAT = dwarf;
				ENABLE_STRICT_OBJC_MSGSEND = YES;
				ENABLE_TESTABILITY = YES;
				GCC_C_LANGUAGE_STANDARD = gnu99;
				GCC_DYNAMIC_NO_PIC = NO;
				GCC_NO_COMMON_BLOCKS = YES;
				GCC_OPTIMIZATION_LEVEL = 0;
				GCC_PREPROCESSOR_DEFINITIONS = (
					"DEBUG=1",
					"$(inherited)",
				);
				GCC_WARN_64_TO_32_BIT_CONVERSION = YES;
				GCC_WARN_ABOUT_RETURN_TYPE = YES_ERROR;
				GCC_WARN_UNDECLARED_SELECTOR = YES;
				GCC_WARN_UNINITIALIZED_AUTOS = YES_AGGRESSIVE;
				GCC_WARN_UNUSED_FUNCTION = YES;
				GCC_WARN_UNUSED_VARIABLE = YES;
				IPHONEOS_DEPLOYMENT_TARGET = 9.2;
				MTL_ENABLE_DEBUG_INFO = YES;
				ONLY_ACTIVE_ARCH = YES;
				SDKROOT = iphoneos;
				SWIFT_OPTIMIZATION_LEVEL = "-Onone";
				TARGETED_DEVICE_FAMILY = "1,2";
			};
			name = Debug;
		};
		4972F5391CB6434600770F9C /* Release */ = {
			isa = XCBuildConfiguration;
			buildSettings = {
				ALWAYS_SEARCH_USER_PATHS = NO;
				CLANG_CXX_LANGUAGE_STANDARD = "gnu++0x";
				CLANG_CXX_LIBRARY = "libc++";
				CLANG_ENABLE_MODULES = YES;
				CLANG_ENABLE_OBJC_ARC = YES;
				CLANG_WARN_BOOL_CONVERSION = YES;
				CLANG_WARN_CONSTANT_CONVERSION = YES;
				CLANG_WARN_DIRECT_OBJC_ISA_USAGE = YES_ERROR;
				CLANG_WARN_EMPTY_BODY = YES;
				CLANG_WARN_ENUM_CONVERSION = YES;
				CLANG_WARN_INT_CONVERSION = YES;
				CLANG_WARN_OBJC_ROOT_CLASS = YES_ERROR;
				CLANG_WARN_UNREACHABLE_CODE = YES;
				CLANG_WARN__DUPLICATE_METHOD_MATCH = YES;
				"CODE_SIGN_IDENTITY[sdk=iphoneos*]" = "iPhone Developer";
				COPY_PHASE_STRIP = NO;
				DEBUG_INFORMATION_FORMAT = "dwarf-with-dsym";
				ENABLE_NS_ASSERTIONS = NO;
				ENABLE_STRICT_OBJC_MSGSEND = YES;
				GCC_C_LANGUAGE_STANDARD = gnu99;
				GCC_NO_COMMON_BLOCKS = YES;
				GCC_WARN_64_TO_32_BIT_CONVERSION = YES;
				GCC_WARN_ABOUT_RETURN_TYPE = YES_ERROR;
				GCC_WARN_UNDECLARED_SELECTOR = YES;
				GCC_WARN_UNINITIALIZED_AUTOS = YES_AGGRESSIVE;
				GCC_WARN_UNUSED_FUNCTION = YES;
				GCC_WARN_UNUSED_VARIABLE = YES;
				IPHONEOS_DEPLOYMENT_TARGET = 9.2;
				MTL_ENABLE_DEBUG_INFO = NO;
				SDKROOT = iphoneos;
				TARGETED_DEVICE_FAMILY = "1,2";
				VALIDATE_PRODUCT = YES;
			};
			name = Release;
		};
		4972F53B1CB6434600770F9C /* Debug */ = {
			isa = XCBuildConfiguration;
			buildSettings = {
				ASSETCATALOG_COMPILER_APPICON_NAME = AppIcon;
				INFOPLIST_FILE = imageLoop/Info.plist;
				LD_RUNPATH_SEARCH_PATHS = "$(inherited) @executable_path/Frameworks";
				PRODUCT_BUNDLE_IDENTIFIER = zzz.imageLoop;
				PRODUCT_NAME = "$(TARGET_NAME)";
			};
			name = Debug;
		};
		4972F53C1CB6434600770F9C /* Release */ = {
			isa = XCBuildConfiguration;
			buildSettings = {
				ASSETCATALOG_COMPILER_APPICON_NAME = AppIcon;
				INFOPLIST_FILE = imageLoop/Info.plist;
				LD_RUNPATH_SEARCH_PATHS = "$(inherited) @executable_path/Frameworks";
				PRODUCT_BUNDLE_IDENTIFIER = zzz.imageLoop;
				PRODUCT_NAME = "$(TARGET_NAME)";
			};
			name = Release;
		};
		4972F53E1CB6434600770F9C /* Debug */ = {
			isa = XCBuildConfiguration;
			buildSettings = {
				BUNDLE_LOADER = "$(TEST_HOST)";
				INFOPLIST_FILE = imageLoopTests/Info.plist;
				LD_RUNPATH_SEARCH_PATHS = "$(inherited) @executable_path/Frameworks @loader_path/Frameworks";
				PRODUCT_BUNDLE_IDENTIFIER = zzz.imageLoopTests;
				PRODUCT_NAME = "$(TARGET_NAME)";
				TEST_HOST = "$(BUILT_PRODUCTS_DIR)/imageLoop.app/imageLoop";
			};
			name = Debug;
		};
		4972F53F1CB6434600770F9C /* Release */ = {
			isa = XCBuildConfiguration;
			buildSettings = {
				BUNDLE_LOADER = "$(TEST_HOST)";
				INFOPLIST_FILE = imageLoopTests/Info.plist;
				LD_RUNPATH_SEARCH_PATHS = "$(inherited) @executable_path/Frameworks @loader_path/Frameworks";
				PRODUCT_BUNDLE_IDENTIFIER = zzz.imageLoopTests;
				PRODUCT_NAME = "$(TARGET_NAME)";
				TEST_HOST = "$(BUILT_PRODUCTS_DIR)/imageLoop.app/imageLoop";
			};
			name = Release;
		};
		4972F5411CB6434600770F9C /* Debug */ = {
			isa = XCBuildConfiguration;
			buildSettings = {
				INFOPLIST_FILE = imageLoopUITests/Info.plist;
				LD_RUNPATH_SEARCH_PATHS = "$(inherited) @executable_path/Frameworks @loader_path/Frameworks";
				PRODUCT_BUNDLE_IDENTIFIER = zzz.imageLoopUITests;
				PRODUCT_NAME = "$(TARGET_NAME)";
				TEST_TARGET_NAME = imageLoop;
				USES_XCTRUNNER = YES;
			};
			name = Debug;
		};
		4972F5421CB6434600770F9C /* Release */ = {
			isa = XCBuildConfiguration;
			buildSettings = {
				INFOPLIST_FILE = imageLoopUITests/Info.plist;
				LD_RUNPATH_SEARCH_PATHS = "$(inherited) @executable_path/Frameworks @loader_path/Frameworks";
				PRODUCT_BUNDLE_IDENTIFIER = zzz.imageLoopUITests;
				PRODUCT_NAME = "$(TARGET_NAME)";
				TEST_TARGET_NAME = imageLoop;
				USES_XCTRUNNER = YES;
			};
			name = Release;
		};
/* End XCBuildConfiguration section */

/* Begin XCConfigurationList section */
		4972F50D1CB6434600770F9C /* Build configuration list for PBXProject "imageLoop" */ = {
			isa = XCConfigurationList;
			buildConfigurations = (
				4972F5381CB6434600770F9C /* Debug */,
				4972F5391CB6434600770F9C /* Release */,
			);
			defaultConfigurationIsVisible = 0;
			defaultConfigurationName = Release;
		};
		4972F53A1CB6434600770F9C /* Build configuration list for PBXNativeTarget "imageLoop" */ = {
			isa = XCConfigurationList;
			buildConfigurations = (
				4972F53B1CB6434600770F9C /* Debug */,
				4972F53C1CB6434600770F9C /* Release */,
			);
			defaultConfigurationIsVisible = 0;
		};
		4972F53D1CB6434600770F9C /* Build configuration list for PBXNativeTarget "imageLoopTests" */ = {
			isa = XCConfigurationList;
			buildConfigurations = (
				4972F53E1CB6434600770F9C /* Debug */,
				4972F53F1CB6434600770F9C /* Release */,
			);
			defaultConfigurationIsVisible = 0;
		};
		4972F5401CB6434600770F9C /* Build configuration list for PBXNativeTarget "imageLoopUITests" */ = {
			isa = XCConfigurationList;
			buildConfigurations = (
				4972F5411CB6434600770F9C /* Debug */,
				4972F5421CB6434600770F9C /* Release */,
			);
			defaultConfigurationIsVisible = 0;
		};
/* End XCConfigurationList section */
	};
	rootObject = 4972F50A1CB6434600770F9C /* Project object */;
}
