// !$*UTF8*$!
{
	archiveVersion = 1;
	classes = {
	};
	objectVersion = 46;
	objects = {

/* Begin PBXBuildFile section */
		49F97C8A1CB26EE000230CE5 /* AppDelegate.swift in Sources */ = {isa = PBXBuildFile; fileRef = 49F97C891CB26EE000230CE5 /* AppDelegate.swift */; };
		49F97C8C1CB26EE000230CE5 /* ViewController.swift in Sources */ = {isa = PBXBuildFile; fileRef = 49F97C8B1CB26EE000230CE5 /* ViewController.swift */; };
		49F97C8F1CB26EE000230CE5 /* Main.storyboard in Resources */ = {isa = PBXBuildFile; fileRef = 49F97C8D1CB26EE000230CE5 /* Main.storyboard */; };
		49F97C911CB26EE000230CE5 /* Assets.xcassets in Resources */ = {isa = PBXBuildFile; fileRef = 49F97C901CB26EE000230CE5 /* Assets.xcassets */; };
		49F97C941CB26EE000230CE5 /* LaunchScreen.storyboard in Resources */ = {isa = PBXBuildFile; fileRef = 49F97C921CB26EE000230CE5 /* LaunchScreen.storyboard */; };
		49F97C9F1CB26EE100230CE5 /* theMethodsOfTableViewTests.swift in Sources */ = {isa = PBXBuildFile; fileRef = 49F97C9E1CB26EE100230CE5 /* theMethodsOfTableViewTests.swift */; };
		49F97CAA1CB26EE100230CE5 /* theMethodsOfTableViewUITests.swift in Sources */ = {isa = PBXBuildFile; fileRef = 49F97CA91CB26EE100230CE5 /* theMethodsOfTableViewUITests.swift */; };
/* End PBXBuildFile section */

/* Begin PBXContainerItemProxy section */
		49F97C9B1CB26EE100230CE5 /* PBXContainerItemProxy */ = {
			isa = PBXContainerItemProxy;
			containerPortal = 49F97C7E1CB26EE000230CE5 /* Project object */;
			proxyType = 1;
			remoteGlobalIDString = 49F97C851CB26EE000230CE5;
			remoteInfo = theMethodsOfTableView;
		};
		49F97CA61CB26EE100230CE5 /* PBXContainerItemProxy */ = {
			isa = PBXContainerItemProxy;
			containerPortal = 49F97C7E1CB26EE000230CE5 /* Project object */;
			proxyType = 1;
			remoteGlobalIDString = 49F97C851CB26EE000230CE5;
			remoteInfo = theMethodsOfTableView;
		};
/* End PBXContainerItemProxy section */

/* Begin PBXFileReference section */
		49F97C861CB26EE000230CE5 /* theMethodsOfTableView.app */ = {isa = PBXFileReference; explicitFileType = wrapper.application; includeInIndex = 0; path = theMethodsOfTableView.app; sourceTree = BUILT_PRODUCTS_DIR; };
		49F97C891CB26EE000230CE5 /* AppDelegate.swift */ = {isa = PBXFileReference; lastKnownFileType = sourcecode.swift; path = AppDelegate.swift; sourceTree = "<group>"; };
		49F97C8B1CB26EE000230CE5 /* ViewController.swift */ = {isa = PBXFileReference; lastKnownFileType = sourcecode.swift; path = ViewController.swift; sourceTree = "<group>"; };
		49F97C8E1CB26EE000230CE5 /* Base */ = {isa = PBXFileReference; lastKnownFileType = file.storyboard; name = Base; path = Base.lproj/Main.storyboard; sourceTree = "<group>"; };
		49F97C901CB26EE000230CE5 /* Assets.xcassets */ = {isa = PBXFileReference; lastKnownFileType = folder.assetcatalog; path = Assets.xcassets; sourceTree = "<group>"; };
		49F97C931CB26EE000230CE5 /* Base */ = {isa = PBXFileReference; lastKnownFileType = file.storyboard; name = Base; path = Base.lproj/LaunchScreen.storyboard; sourceTree = "<group>"; };
		49F97C951CB26EE000230CE5 /* Info.plist */ = {isa = PBXFileReference; lastKnownFileType = text.plist.xml; path = Info.plist; sourceTree = "<group>"; };
		49F97C9A1CB26EE100230CE5 /* theMethodsOfTableViewTests.xctest */ = {isa = PBXFileReference; explicitFileType = wrapper.cfbundle; includeInIndex = 0; path = theMethodsOfTableViewTests.xctest; sourceTree = BUILT_PRODUCTS_DIR; };
		49F97C9E1CB26EE100230CE5 /* theMethodsOfTableViewTests.swift */ = {isa = PBXFileReference; lastKnownFileType = sourcecode.swift; path = theMethodsOfTableViewTests.swift; sourceTree = "<group>"; };
		49F97CA01CB26EE100230CE5 /* Info.plist */ = {isa = PBXFileReference; lastKnownFileType = text.plist.xml; path = Info.plist; sourceTree = "<group>"; };
		49F97CA51CB26EE100230CE5 /* theMethodsOfTableViewUITests.xctest */ = {isa = PBXFileReference; explicitFileType = wrapper.cfbundle; includeInIndex = 0; path = theMethodsOfTableViewUITests.xctest; sourceTree = BUILT_PRODUCTS_DIR; };
		49F97CA91CB26EE100230CE5 /* theMethodsOfTableViewUITests.swift */ = {isa = PBXFileReference; lastKnownFileType = sourcecode.swift; path = theMethodsOfTableViewUITests.swift; sourceTree = "<group>"; };
		49F97CAB1CB26EE100230CE5 /* Info.plist */ = {isa = PBXFileReference; lastKnownFileType = text.plist.xml; path = Info.plist; sourceTree = "<group>"; };
/* End PBXFileReference section */

/* Begin PBXFrameworksBuildPhase section */
		49F97C831CB26EE000230CE5 /* Frameworks */ = {
			isa = PBXFrameworksBuildPhase;
			buildActionMask = 2147483647;
			files = (
			);
			runOnlyForDeploymentPostprocessing = 0;
		};
		49F97C971CB26EE100230CE5 /* Frameworks */ = {
			isa = PBXFrameworksBuildPhase;
			buildActionMask = 2147483647;
			files = (
			);
			runOnlyForDeploymentPostprocessing = 0;
		};
		49F97CA21CB26EE100230CE5 /* Frameworks */ = {
			isa = PBXFrameworksBuildPhase;
			buildActionMask = 2147483647;
			files = (
			);
			runOnlyForDeploymentPostprocessing = 0;
		};
/* End PBXFrameworksBuildPhase section */

/* Begin PBXGroup section */
		49F97C7D1CB26EE000230CE5 = {
			isa = PBXGroup;
			children = (
				49F97C881CB26EE000230CE5 /* theMethodsOfTableView */,
				49F97C9D1CB26EE100230CE5 /* theMethodsOfTableViewTests */,
				49F97CA81CB26EE100230CE5 /* theMethodsOfTableViewUITests */,
				49F97C871CB26EE000230CE5 /* Products */,
			);
			sourceTree = "<group>";
		};
		49F97C871CB26EE000230CE5 /* Products */ = {
			isa = PBXGroup;
			children = (
				49F97C861CB26EE000230CE5 /* theMethodsOfTableView.app */,
				49F97C9A1CB26EE100230CE5 /* theMethodsOfTableViewTests.xctest */,
				49F97CA51CB26EE100230CE5 /* theMethodsOfTableViewUITests.xctest */,
			);
			name = Products;
			sourceTree = "<group>";
		};
		49F97C881CB26EE000230CE5 /* theMethodsOfTableView */ = {
			isa = PBXGroup;
			children = (
				49F97C891CB26EE000230CE5 /* AppDelegate.swift */,
				49F97C8B1CB26EE000230CE5 /* ViewController.swift */,
				49F97C8D1CB26EE000230CE5 /* Main.storyboard */,
				49F97C901CB26EE000230CE5 /* Assets.xcassets */,
				49F97C921CB26EE000230CE5 /* LaunchScreen.storyboard */,
				49F97C951CB26EE000230CE5 /* Info.plist */,
			);
			path = theMethodsOfTableView;
			sourceTree = "<group>";
		};
		49F97C9D1CB26EE100230CE5 /* theMethodsOfTableViewTests */ = {
			isa = PBXGroup;
			children = (
				49F97C9E1CB26EE100230CE5 /* theMethodsOfTableViewTests.swift */,
				49F97CA01CB26EE100230CE5 /* Info.plist */,
			);
			path = theMethodsOfTableViewTests;
			sourceTree = "<group>";
		};
		49F97CA81CB26EE100230CE5 /* theMethodsOfTableViewUITests */ = {
			isa = PBXGroup;
			children = (
				49F97CA91CB26EE100230CE5 /* theMethodsOfTableViewUITests.swift */,
				49F97CAB1CB26EE100230CE5 /* Info.plist */,
			);
			path = theMethodsOfTableViewUITests;
			sourceTree = "<group>";
		};
/* End PBXGroup section */

/* Begin PBXNativeTarget section */
		49F97C851CB26EE000230CE5 /* theMethodsOfTableView */ = {
			isa = PBXNativeTarget;
			buildConfigurationList = 49F97CAE1CB26EE100230CE5 /* Build configuration list for PBXNativeTarget "theMethodsOfTableView" */;
			buildPhases = (
				49F97C821CB26EE000230CE5 /* Sources */,
				49F97C831CB26EE000230CE5 /* Frameworks */,
				49F97C841CB26EE000230CE5 /* Resources */,
			);
			buildRules = (
			);
			dependencies = (
			);
			name = theMethodsOfTableView;
			productName = theMethodsOfTableView;
			productReference = 49F97C861CB26EE000230CE5 /* theMethodsOfTableView.app */;
			productType = "com.apple.product-type.application";
		};
		49F97C991CB26EE100230CE5 /* theMethodsOfTableViewTests */ = {
			isa = PBXNativeTarget;
			buildConfigurationList = 49F97CB11CB26EE100230CE5 /* Build configuration list for PBXNativeTarget "theMethodsOfTableViewTests" */;
			buildPhases = (
				49F97C961CB26EE100230CE5 /* Sources */,
				49F97C971CB26EE100230CE5 /* Frameworks */,
				49F97C981CB26EE100230CE5 /* Resources */,
			);
			buildRules = (
			);
			dependencies = (
				49F97C9C1CB26EE100230CE5 /* PBXTargetDependency */,
			);
			name = theMethodsOfTableViewTests;
			productName = theMethodsOfTableViewTests;
			productReference = 49F97C9A1CB26EE100230CE5 /* theMethodsOfTableViewTests.xctest */;
			productType = "com.apple.product-type.bundle.unit-test";
		};
		49F97CA41CB26EE100230CE5 /* theMethodsOfTableViewUITests */ = {
			isa = PBXNativeTarget;
			buildConfigurationList = 49F97CB41CB26EE100230CE5 /* Build configuration list for PBXNativeTarget "theMethodsOfTableViewUITests" */;
			buildPhases = (
				49F97CA11CB26EE100230CE5 /* Sources */,
				49F97CA21CB26EE100230CE5 /* Frameworks */,
				49F97CA31CB26EE100230CE5 /* Resources */,
			);
			buildRules = (
			);
			dependencies = (
				49F97CA71CB26EE100230CE5 /* PBXTargetDependency */,
			);
			name = theMethodsOfTableViewUITests;
			productName = theMethodsOfTableViewUITests;
			productReference = 49F97CA51CB26EE100230CE5 /* theMethodsOfTableViewUITests.xctest */;
			productType = "com.apple.product-type.bundle.ui-testing";
		};
/* End PBXNativeTarget section */

/* Begin PBXProject section */
		49F97C7E1CB26EE000230CE5 /* Project object */ = {
			isa = PBXProject;
			attributes = {
				LastSwiftUpdateCheck = 0720;
				LastUpgradeCheck = 0720;
				ORGANIZATIONNAME = liuhj;
				TargetAttributes = {
					49F97C851CB26EE000230CE5 = {
						CreatedOnToolsVersion = 7.2;
						DevelopmentTeam = 4GPAQCGECQ;
					};
					49F97C991CB26EE100230CE5 = {
						CreatedOnToolsVersion = 7.2;
						DevelopmentTeam = 4GPAQCGECQ;
						TestTargetID = 49F97C851CB26EE000230CE5;
					};
					49F97CA41CB26EE100230CE5 = {
						CreatedOnToolsVersion = 7.2;
						DevelopmentTeam = 4GPAQCGECQ;
						TestTargetID = 49F97C851CB26EE000230CE5;
					};
				};
			};
			buildConfigurationList = 49F97C811CB26EE000230CE5 /* Build configuration list for PBXProject "theMethodsOfTableView" */;
			compatibilityVersion = "Xcode 3.2";
			developmentRegion = English;
			hasScannedForEncodings = 0;
			knownRegions = (
				en,
				Base,
			);
			mainGroup = 49F97C7D1CB26EE000230CE5;
			productRefGroup = 49F97C871CB26EE000230CE5 /* Products */;
			projectDirPath = "";
			projectRoot = "";
			targets = (
				49F97C851CB26EE000230CE5 /* theMethodsOfTableView */,
				49F97C991CB26EE100230CE5 /* theMethodsOfTableViewTests */,
				49F97CA41CB26EE100230CE5 /* theMethodsOfTableViewUITests */,
			);
		};
/* End PBXProject section */

/* Begin PBXResourcesBuildPhase section */
		49F97C841CB26EE000230CE5 /* Resources */ = {
			isa = PBXResourcesBuildPhase;
			buildActionMask = 2147483647;
			files = (
				49F97C941CB26EE000230CE5 /* LaunchScreen.storyboard in Resources */,
				49F97C911CB26EE000230CE5 /* Assets.xcassets in Resources */,
				49F97C8F1CB26EE000230CE5 /* Main.storyboard in Resources */,
			);
			runOnlyForDeploymentPostprocessing = 0;
		};
		49F97C981CB26EE100230CE5 /* Resources */ = {
			isa = PBXResourcesBuildPhase;
			buildActionMask = 2147483647;
			files = (
			);
			runOnlyForDeploymentPostprocessing = 0;
		};
		49F97CA31CB26EE100230CE5 /* Resources */ = {
			isa = PBXResourcesBuildPhase;
			buildActionMask = 2147483647;
			files = (
			);
			runOnlyForDeploymentPostprocessing = 0;
		};
/* End PBXResourcesBuildPhase section */

/* Begin PBXSourcesBuildPhase section */
		49F97C821CB26EE000230CE5 /* Sources */ = {
			isa = PBXSourcesBuildPhase;
			buildActionMask = 2147483647;
			files = (
				49F97C8C1CB26EE000230CE5 /* ViewController.swift in Sources */,
				49F97C8A1CB26EE000230CE5 /* AppDelegate.swift in Sources */,
			);
			runOnlyForDeploymentPostprocessing = 0;
		};
		49F97C961CB26EE100230CE5 /* Sources */ = {
			isa = PBXSourcesBuildPhase;
			buildActionMask = 2147483647;
			files = (
				49F97C9F1CB26EE100230CE5 /* theMethodsOfTableViewTests.swift in Sources */,
			);
			runOnlyForDeploymentPostprocessing = 0;
		};
		49F97CA11CB26EE100230CE5 /* Sources */ = {
			isa = PBXSourcesBuildPhase;
			buildActionMask = 2147483647;
			files = (
				49F97CAA1CB26EE100230CE5 /* theMethodsOfTableViewUITests.swift in Sources */,
			);
			runOnlyForDeploymentPostprocessing = 0;
		};
/* End PBXSourcesBuildPhase section */

/* Begin PBXTargetDependency section */
		49F97C9C1CB26EE100230CE5 /* PBXTargetDependency */ = {
			isa = PBXTargetDependency;
			target = 49F97C851CB26EE000230CE5 /* theMethodsOfTableView */;
			targetProxy = 49F97C9B1CB26EE100230CE5 /* PBXContainerItemProxy */;
		};
		49F97CA71CB26EE100230CE5 /* PBXTargetDependency */ = {
			isa = PBXTargetDependency;
			target = 49F97C851CB26EE000230CE5 /* theMethodsOfTableView */;
			targetProxy = 49F97CA61CB26EE100230CE5 /* PBXContainerItemProxy */;
		};
/* End PBXTargetDependency section */

/* Begin PBXVariantGroup section */
		49F97C8D1CB26EE000230CE5 /* Main.storyboard */ = {
			isa = PBXVariantGroup;
			children = (
				49F97C8E1CB26EE000230CE5 /* Base */,
			);
			name = Main.storyboard;
			sourceTree = "<group>";
		};
		49F97C921CB26EE000230CE5 /* LaunchScreen.storyboard */ = {
			isa = PBXVariantGroup;
			children = (
				49F97C931CB26EE000230CE5 /* Base */,
			);
			name = LaunchScreen.storyboard;
			sourceTree = "<group>";
		};
/* End PBXVariantGroup section */

/* Begin XCBuildConfiguration section */
		49F97CAC1CB26EE100230CE5 /* Debug */ = {
			isa = XCBuildConfiguration;
			buildSettings = {
				ALWAYS_SEARCH_USER_PATHS = NO;
				CLANG_CXX_LANGUAGE_STANDARD = "gnu++0x";
				CLANG_CXX_LIBRARY = "libc++";
				CLANG_ENABLE_MODULES = YES;
				CLANG_ENABLE_OBJC_ARC = YES;
				CLANG_WARN_BOOL_CONVERSION = YES;
				CLANG_WARN_CONSTANT_CONVERSION = YES;
				CLANG_WARN_DIRECT_OBJC_ISA_USAGE = YES_ERROR;
				CLANG_WARN_EMPTY_BODY = YES;
				CLANG_WARN_ENUM_CONVERSION = YES;
				CLANG_WARN_INT_CONVERSION = YES;
				CLANG_WARN_OBJC_ROOT_CLASS = YES_ERROR;
				CLANG_WARN_UNREACHABLE_CODE = YES;
				CLANG_WARN__DUPLICATE_METHOD_MATCH = YES;
				"CODE_SIGN_IDENTITY[sdk=iphoneos*]" = "iPhone Developer";
				COPY_PHASE_STRIP = NO;
				DEBUG_INFORMATION_FORMAT = dwarf;
				ENABLE_STRICT_OBJC_MSGSEND = YES;
				ENABLE_TESTABILITY = YES;
				GCC_C_LANGUAGE_STANDARD = gnu99;
				GCC_DYNAMIC_NO_PIC = NO;
				GCC_NO_COMMON_BLOCKS = YES;
				GCC_OPTIMIZATION_LEVEL = 0;
				GCC_PREPROCESSOR_DEFINITIONS = (
					"DEBUG=1",
					"$(inherited)",
				);
				GCC_WARN_64_TO_32_BIT_CONVERSION = YES;
				GCC_WARN_ABOUT_RETURN_TYPE = YES_ERROR;
				GCC_WARN_UNDECLARED_SELECTOR = YES;
				GCC_WARN_UNINITIALIZED_AUTOS = YES_AGGRESSIVE;
				GCC_WARN_UNUSED_FUNCTION = YES;
				GCC_WARN_UNUSED_VARIABLE = YES;
				IPHONEOS_DEPLOYMENT_TARGET = 9.2;
				MTL_ENABLE_DEBUG_INFO = YES;
				ONLY_ACTIVE_ARCH = YES;
				SDKROOT = iphoneos;
				SWIFT_OPTIMIZATION_LEVEL = "-Onone";
				TARGETED_DEVICE_FAMILY = "1,2";
			};
			name = Debug;
		};
		49F97CAD1CB26EE100230CE5 /* Release */ = {
			isa = XCBuildConfiguration;
			buildSettings = {
				ALWAYS_SEARCH_USER_PATHS = NO;
				CLANG_CXX_LANGUAGE_STANDARD = "gnu++0x";
				CLANG_CXX_LIBRARY = "libc++";
				CLANG_ENABLE_MODULES = YES;
				CLANG_ENABLE_OBJC_ARC = YES;
				CLANG_WARN_BOOL_CONVERSION = YES;
				CLANG_WARN_CONSTANT_CONVERSION = YES;
				CLANG_WARN_DIRECT_OBJC_ISA_USAGE = YES_ERROR;
				CLANG_WARN_EMPTY_BODY = YES;
				CLANG_WARN_ENUM_CONVERSION = YES;
				CLANG_WARN_INT_CONVERSION = YES;
				CLANG_WARN_OBJC_ROOT_CLASS = YES_ERROR;
				CLANG_WARN_UNREACHABLE_CODE = YES;
				CLANG_WARN__DUPLICATE_METHOD_MATCH = YES;
				"CODE_SIGN_IDENTITY[sdk=iphoneos*]" = "iPhone Developer";
				COPY_PHASE_STRIP = NO;
				DEBUG_INFORMATION_FORMAT = "dwarf-with-dsym";
				ENABLE_NS_ASSERTIONS = NO;
				ENABLE_STRICT_OBJC_MSGSEND = YES;
				GCC_C_LANGUAGE_STANDARD = gnu99;
				GCC_NO_COMMON_BLOCKS = YES;
				GCC_WARN_64_TO_32_BIT_CONVERSION = YES;
				GCC_WARN_ABOUT_RETURN_TYPE = YES_ERROR;
				GCC_WARN_UNDECLARED_SELECTOR = YES;
				GCC_WARN_UNINITIALIZED_AUTOS = YES_AGGRESSIVE;
				GCC_WARN_UNUSED_FUNCTION = YES;
				GCC_WARN_UNUSED_VARIABLE = YES;
				IPHONEOS_DEPLOYMENT_TARGET = 9.2;
				MTL_ENABLE_DEBUG_INFO = NO;
				SDKROOT = iphoneos;
				TARGETED_DEVICE_FAMILY = "1,2";
				VALIDATE_PRODUCT = YES;
			};
			name = Release;
		};
		49F97CAF1CB26EE100230CE5 /* Debug */ = {
			isa = XCBuildConfiguration;
			buildSettings = {
				ASSETCATALOG_COMPILER_APPICON_NAME = AppIcon;
				INFOPLIST_FILE = theMethodsOfTableView/Info.plist;
				LD_RUNPATH_SEARCH_PATHS = "$(inherited) @executable_path/Frameworks";
				PRODUCT_BUNDLE_IDENTIFIER = zzz.theMethodsOfTableView;
				PRODUCT_NAME = "$(TARGET_NAME)";
			};
			name = Debug;
		};
		49F97CB01CB26EE100230CE5 /* Release */ = {
			isa = XCBuildConfiguration;
			buildSettings = {
				ASSETCATALOG_COMPILER_APPICON_NAME = AppIcon;
				INFOPLIST_FILE = theMethodsOfTableView/Info.plist;
				LD_RUNPATH_SEARCH_PATHS = "$(inherited) @executable_path/Frameworks";
				PRODUCT_BUNDLE_IDENTIFIER = zzz.theMethodsOfTableView;
				PRODUCT_NAME = "$(TARGET_NAME)";
			};
			name = Release;
		};
		49F97CB21CB26EE100230CE5 /* Debug */ = {
			isa = XCBuildConfiguration;
			buildSettings = {
				BUNDLE_LOADER = "$(TEST_HOST)";
				INFOPLIST_FILE = theMethodsOfTableViewTests/Info.plist;
				LD_RUNPATH_SEARCH_PATHS = "$(inherited) @executable_path/Frameworks @loader_path/Frameworks";
				PRODUCT_BUNDLE_IDENTIFIER = zzz.theMethodsOfTableViewTests;
				PRODUCT_NAME = "$(TARGET_NAME)";
				TEST_HOST = "$(BUILT_PRODUCTS_DIR)/theMethodsOfTableView.app/theMethodsOfTableView";
			};
			name = Debug;
		};
		49F97CB31CB26EE100230CE5 /* Release */ = {
			isa = XCBuildConfiguration;
			buildSettings = {
				BUNDLE_LOADER = "$(TEST_HOST)";
				INFOPLIST_FILE = theMethodsOfTableViewTests/Info.plist;
				LD_RUNPATH_SEARCH_PATHS = "$(inherited) @executable_path/Frameworks @loader_path/Frameworks";
				PRODUCT_BUNDLE_IDENTIFIER = zzz.theMethodsOfTableViewTests;
				PRODUCT_NAME = "$(TARGET_NAME)";
				TEST_HOST = "$(BUILT_PRODUCTS_DIR)/theMethodsOfTableView.app/theMethodsOfTableView";
			};
			name = Release;
		};
		49F97CB51CB26EE100230CE5 /* Debug */ = {
			isa = XCBuildConfiguration;
			buildSettings = {
				INFOPLIST_FILE = theMethodsOfTableViewUITests/Info.plist;
				LD_RUNPATH_SEARCH_PATHS = "$(inherited) @executable_path/Frameworks @loader_path/Frameworks";
				PRODUCT_BUNDLE_IDENTIFIER = zzz.theMethodsOfTableViewUITests;
				PRODUCT_NAME = "$(TARGET_NAME)";
				TEST_TARGET_NAME = theMethodsOfTableView;
				USES_XCTRUNNER = YES;
			};
			name = Debug;
		};
		49F97CB61CB26EE100230CE5 /* Release */ = {
			isa = XCBuildConfiguration;
			buildSettings = {
				INFOPLIST_FILE = theMethodsOfTableViewUITests/Info.plist;
				LD_RUNPATH_SEARCH_PATHS = "$(inherited) @executable_path/Frameworks @loader_path/Frameworks";
				PRODUCT_BUNDLE_IDENTIFIER = zzz.theMethodsOfTableViewUITests;
				PRODUCT_NAME = "$(TARGET_NAME)";
				TEST_TARGET_NAME = theMethodsOfTableView;
				USES_XCTRUNNER = YES;
			};
			name = Release;
		};
/* End XCBuildConfiguration section */

/* Begin XCConfigurationList section */
		49F97C811CB26EE000230CE5 /* Build configuration list for PBXProject "theMethodsOfTableView" */ = {
			isa = XCConfigurationList;
			buildConfigurations = (
				49F97CAC1CB26EE100230CE5 /* Debug */,
				49F97CAD1CB26EE100230CE5 /* Release */,
			);
			defaultConfigurationIsVisible = 0;
			defaultConfigurationName = Release;
		};
		49F97CAE1CB26EE100230CE5 /* Build configuration list for PBXNativeTarget "theMethodsOfTableView" */ = {
			isa = XCConfigurationList;
			buildConfigurations = (
				49F97CAF1CB26EE100230CE5 /* Debug */,
				49F97CB01CB26EE100230CE5 /* Release */,
			);
			defaultConfigurationIsVisible = 0;
		};
		49F97CB11CB26EE100230CE5 /* Build configuration list for PBXNativeTarget "theMethodsOfTableViewTests" */ = {
			isa = XCConfigurationList;
			buildConfigurations = (
				49F97CB21CB26EE100230CE5 /* Debug */,
				49F97CB31CB26EE100230CE5 /* Release */,
			);
			defaultConfigurationIsVisible = 0;
		};
		49F97CB41CB26EE100230CE5 /* Build configuration list for PBXNativeTarget "theMethodsOfTableViewUITests" */ = {
			isa = XCConfigurationList;
			buildConfigurations = (
				49F97CB51CB26EE100230CE5 /* Debug */,
				49F97CB61CB26EE100230CE5 /* Release */,
			);
			defaultConfigurationIsVisible = 0;
		};
/* End XCConfigurationList section */
	};
	rootObject = 49F97C7E1CB26EE000230CE5 /* Project object */;
}
