// !$*UTF8*$!
{
	archiveVersion = 1;
	classes = {
	};
	objectVersion = 46;
	objects = {

/* Begin PBXBuildFile section */
		4972F4D31CB6088A00770F9C /* main.m in Sources */ = {isa = PBXBuildFile; fileRef = 4972F4D21CB6088A00770F9C /* main.m */; };
		4972F4D61CB6088A00770F9C /* AppDelegate.m in Sources */ = {isa = PBXBuildFile; fileRef = 4972F4D51CB6088A00770F9C /* AppDelegate.m */; };
		4972F4D91CB6088A00770F9C /* ViewController.m in Sources */ = {isa = PBXBuildFile; fileRef = 4972F4D81CB6088A00770F9C /* ViewController.m */; };
		4972F4DC1CB6088A00770F9C /* Main.storyboard in Resources */ = {isa = PBXBuildFile; fileRef = 4972F4DA1CB6088A00770F9C /* Main.storyboard */; };
		4972F4DE1CB6088A00770F9C /* Assets.xcassets in Resources */ = {isa = PBXBuildFile; fileRef = 4972F4DD1CB6088A00770F9C /* Assets.xcassets */; };
		4972F4E11CB6088A00770F9C /* LaunchScreen.storyboard in Resources */ = {isa = PBXBuildFile; fileRef = 4972F4DF1CB6088A00770F9C /* LaunchScreen.storyboard */; };
		4972F4EC1CB6088A00770F9C /* aaaaaTests.m in Sources */ = {isa = PBXBuildFile; fileRef = 4972F4EB1CB6088A00770F9C /* aaaaaTests.m */; };
		4972F4F71CB6088A00770F9C /* aaaaaUITests.m in Sources */ = {isa = PBXBuildFile; fileRef = 4972F4F61CB6088A00770F9C /* aaaaaUITests.m */; };
		4972F5051CB6103000770F9C /* ConnectList.plist in Resources */ = {isa = PBXBuildFile; fileRef = 4972F5041CB6103000770F9C /* ConnectList.plist */; };
		4972F5081CB6105800770F9C /* HJConnect.m in Sources */ = {isa = PBXBuildFile; fileRef = 4972F5071CB6105800770F9C /* HJConnect.m */; };
/* End PBXBuildFile section */

/* Begin PBXContainerItemProxy section */
		4972F4E81CB6088A00770F9C /* PBXContainerItemProxy */ = {
			isa = PBXContainerItemProxy;
			containerPortal = 4972F4C61CB6088A00770F9C /* Project object */;
			proxyType = 1;
			remoteGlobalIDString = 4972F4CD1CB6088A00770F9C;
			remoteInfo = aaaaa;
		};
		4972F4F31CB6088A00770F9C /* PBXContainerItemProxy */ = {
			isa = PBXContainerItemProxy;
			containerPortal = 4972F4C61CB6088A00770F9C /* Project object */;
			proxyType = 1;
			remoteGlobalIDString = 4972F4CD1CB6088A00770F9C;
			remoteInfo = aaaaa;
		};
/* End PBXContainerItemProxy section */

/* Begin PBXFileReference section */
		4972F4CE1CB6088A00770F9C /* aaaaa.app */ = {isa = PBXFileReference; explicitFileType = wrapper.application; includeInIndex = 0; path = aaaaa.app; sourceTree = BUILT_PRODUCTS_DIR; };
		4972F4D21CB6088A00770F9C /* main.m */ = {isa = PBXFileReference; lastKnownFileType = sourcecode.c.objc; path = main.m; sourceTree = "<group>"; };
		4972F4D41CB6088A00770F9C /* AppDelegate.h */ = {isa = PBXFileReference; lastKnownFileType = sourcecode.c.h; path = AppDelegate.h; sourceTree = "<group>"; };
		4972F4D51CB6088A00770F9C /* AppDelegate.m */ = {isa = PBXFileReference; lastKnownFileType = sourcecode.c.objc; path = AppDelegate.m; sourceTree = "<group>"; };
		4972F4D71CB6088A00770F9C /* ViewController.h */ = {isa = PBXFileReference; lastKnownFileType = sourcecode.c.h; path = ViewController.h; sourceTree = "<group>"; };
		4972F4D81CB6088A00770F9C /* ViewController.m */ = {isa = PBXFileReference; lastKnownFileType = sourcecode.c.objc; path = ViewController.m; sourceTree = "<group>"; };
		4972F4DB1CB6088A00770F9C /* Base */ = {isa = PBXFileReference; lastKnownFileType = file.storyboard; name = Base; path = Base.lproj/Main.storyboard; sourceTree = "<group>"; };
		4972F4DD1CB6088A00770F9C /* Assets.xcassets */ = {isa = PBXFileReference; lastKnownFileType = folder.assetcatalog; path = Assets.xcassets; sourceTree = "<group>"; };
		4972F4E01CB6088A00770F9C /* Base */ = {isa = PBXFileReference; lastKnownFileType = file.storyboard; name = Base; path = Base.lproj/LaunchScreen.storyboard; sourceTree = "<group>"; };
		4972F4E21CB6088A00770F9C /* Info.plist */ = {isa = PBXFileReference; lastKnownFileType = text.plist.xml; path = Info.plist; sourceTree = "<group>"; };
		4972F4E71CB6088A00770F9C /* aaaaaTests.xctest */ = {isa = PBXFileReference; explicitFileType = wrapper.cfbundle; includeInIndex = 0; path = aaaaaTests.xctest; sourceTree = BUILT_PRODUCTS_DIR; };
		4972F4EB1CB6088A00770F9C /* aaaaaTests.m */ = {isa = PBXFileReference; lastKnownFileType = sourcecode.c.objc; path = aaaaaTests.m; sourceTree = "<group>"; };
		4972F4ED1CB6088A00770F9C /* Info.plist */ = {isa = PBXFileReference; lastKnownFileType = text.plist.xml; path = Info.plist; sourceTree = "<group>"; };
		4972F4F21CB6088A00770F9C /* aaaaaUITests.xctest */ = {isa = PBXFileReference; explicitFileType = wrapper.cfbundle; includeInIndex = 0; path = aaaaaUITests.xctest; sourceTree = BUILT_PRODUCTS_DIR; };
		4972F4F61CB6088A00770F9C /* aaaaaUITests.m */ = {isa = PBXFileReference; lastKnownFileType = sourcecode.c.objc; path = aaaaaUITests.m; sourceTree = "<group>"; };
		4972F4F81CB6088A00770F9C /* Info.plist */ = {isa = PBXFileReference; lastKnownFileType = text.plist.xml; path = Info.plist; sourceTree = "<group>"; };
		4972F5041CB6103000770F9C /* ConnectList.plist */ = {isa = PBXFileReference; fileEncoding = 4; lastKnownFileType = text.plist.xml; path = ConnectList.plist; sourceTree = "<group>"; };
		4972F5061CB6105800770F9C /* HJConnect.h */ = {isa = PBXFileReference; fileEncoding = 4; lastKnownFileType = sourcecode.c.h; path = HJConnect.h; sourceTree = "<group>"; };
		4972F5071CB6105800770F9C /* HJConnect.m */ = {isa = PBXFileReference; fileEncoding = 4; lastKnownFileType = sourcecode.c.objc; path = HJConnect.m; sourceTree = "<group>"; };
/* End PBXFileReference section */

/* Begin PBXFrameworksBuildPhase section */
		4972F4CB1CB6088A00770F9C /* Frameworks */ = {
			isa = PBXFrameworksBuildPhase;
			buildActionMask = 2147483647;
			files = (
			);
			runOnlyForDeploymentPostprocessing = 0;
		};
		4972F4E41CB6088A00770F9C /* Frameworks */ = {
			isa = PBXFrameworksBuildPhase;
			buildActionMask = 2147483647;
			files = (
			);
			runOnlyForDeploymentPostprocessing = 0;
		};
		4972F4EF1CB6088A00770F9C /* Frameworks */ = {
			isa = PBXFrameworksBuildPhase;
			buildActionMask = 2147483647;
			files = (
			);
			runOnlyForDeploymentPostprocessing = 0;
		};
/* End PBXFrameworksBuildPhase section */

/* Begin PBXGroup section */
		4972F4C51CB6088A00770F9C = {
			isa = PBXGroup;
			children = (
				4972F4D01CB6088A00770F9C /* aaaaa */,
				4972F4EA1CB6088A00770F9C /* aaaaaTests */,
				4972F4F51CB6088A00770F9C /* aaaaaUITests */,
				4972F4CF1CB6088A00770F9C /* Products */,
			);
			sourceTree = "<group>";
		};
		4972F4CF1CB6088A00770F9C /* Products */ = {
			isa = PBXGroup;
			children = (
				4972F4CE1CB6088A00770F9C /* aaaaa.app */,
				4972F4E71CB6088A00770F9C /* aaaaaTests.xctest */,
				4972F4F21CB6088A00770F9C /* aaaaaUITests.xctest */,
			);
			name = Products;
			sourceTree = "<group>";
		};
		4972F4D01CB6088A00770F9C /* aaaaa */ = {
			isa = PBXGroup;
			children = (
				4972F4D41CB6088A00770F9C /* AppDelegate.h */,
				4972F4D51CB6088A00770F9C /* AppDelegate.m */,
				4972F4D71CB6088A00770F9C /* ViewController.h */,
				4972F4D81CB6088A00770F9C /* ViewController.m */,
				4972F5061CB6105800770F9C /* HJConnect.h */,
				4972F5071CB6105800770F9C /* HJConnect.m */,
				4972F4DA1CB6088A00770F9C /* Main.storyboard */,
				4972F4DD1CB6088A00770F9C /* Assets.xcassets */,
				4972F4DF1CB6088A00770F9C /* LaunchScreen.storyboard */,
				4972F5041CB6103000770F9C /* ConnectList.plist */,
				4972F4E21CB6088A00770F9C /* Info.plist */,
				4972F4D11CB6088A00770F9C /* Supporting Files */,
			);
			path = aaaaa;
			sourceTree = "<group>";
		};
		4972F4D11CB6088A00770F9C /* Supporting Files */ = {
			isa = PBXGroup;
			children = (
				4972F4D21CB6088A00770F9C /* main.m */,
			);
			name = "Supporting Files";
			sourceTree = "<group>";
		};
		4972F4EA1CB6088A00770F9C /* aaaaaTests */ = {
			isa = PBXGroup;
			children = (
				4972F4EB1CB6088A00770F9C /* aaaaaTests.m */,
				4972F4ED1CB6088A00770F9C /* Info.plist */,
			);
			path = aaaaaTests;
			sourceTree = "<group>";
		};
		4972F4F51CB6088A00770F9C /* aaaaaUITests */ = {
			isa = PBXGroup;
			children = (
				4972F4F61CB6088A00770F9C /* aaaaaUITests.m */,
				4972F4F81CB6088A00770F9C /* Info.plist */,
			);
			path = aaaaaUITests;
			sourceTree = "<group>";
		};
/* End PBXGroup section */

/* Begin PBXNativeTarget section */
		4972F4CD1CB6088A00770F9C /* aaaaa */ = {
			isa = PBXNativeTarget;
			buildConfigurationList = 4972F4FB1CB6088A00770F9C /* Build configuration list for PBXNativeTarget "aaaaa" */;
			buildPhases = (
				4972F4CA1CB6088A00770F9C /* Sources */,
				4972F4CB1CB6088A00770F9C /* Frameworks */,
				4972F4CC1CB6088A00770F9C /* Resources */,
			);
			buildRules = (
			);
			dependencies = (
			);
			name = aaaaa;
			productName = aaaaa;
			productReference = 4972F4CE1CB6088A00770F9C /* aaaaa.app */;
			productType = "com.apple.product-type.application";
		};
		4972F4E61CB6088A00770F9C /* aaaaaTests */ = {
			isa = PBXNativeTarget;
			buildConfigurationList = 4972F4FE1CB6088A00770F9C /* Build configuration list for PBXNativeTarget "aaaaaTests" */;
			buildPhases = (
				4972F4E31CB6088A00770F9C /* Sources */,
				4972F4E41CB6088A00770F9C /* Frameworks */,
				4972F4E51CB6088A00770F9C /* Resources */,
			);
			buildRules = (
			);
			dependencies = (
				4972F4E91CB6088A00770F9C /* PBXTargetDependency */,
			);
			name = aaaaaTests;
			productName = aaaaaTests;
			productReference = 4972F4E71CB6088A00770F9C /* aaaaaTests.xctest */;
			productType = "com.apple.product-type.bundle.unit-test";
		};
		4972F4F11CB6088A00770F9C /* aaaaaUITests */ = {
			isa = PBXNativeTarget;
			buildConfigurationList = 4972F5011CB6088A00770F9C /* Build configuration list for PBXNativeTarget "aaaaaUITests" */;
			buildPhases = (
				4972F4EE1CB6088A00770F9C /* Sources */,
				4972F4EF1CB6088A00770F9C /* Frameworks */,
				4972F4F01CB6088A00770F9C /* Resources */,
			);
			buildRules = (
			);
			dependencies = (
				4972F4F41CB6088A00770F9C /* PBXTargetDependency */,
			);
			name = aaaaaUITests;
			productName = aaaaaUITests;
			productReference = 4972F4F21CB6088A00770F9C /* aaaaaUITests.xctest */;
			productType = "com.apple.product-type.bundle.ui-testing";
		};
/* End PBXNativeTarget section */

/* Begin PBXProject section */
		4972F4C61CB6088A00770F9C /* Project object */ = {
			isa = PBXProject;
			attributes = {
				LastUpgradeCheck = 0720;
				ORGANIZATIONNAME = liuhj;
				TargetAttributes = {
					4972F4CD1CB6088A00770F9C = {
						CreatedOnToolsVersion = 7.2;
						DevelopmentTeam = 4GPAQCGECQ;
					};
					4972F4E61CB6088A00770F9C = {
						CreatedOnToolsVersion = 7.2;
						DevelopmentTeam = 4GPAQCGECQ;
						TestTargetID = 4972F4CD1CB6088A00770F9C;
					};
					4972F4F11CB6088A00770F9C = {
						CreatedOnToolsVersion = 7.2;
						DevelopmentTeam = 4GPAQCGECQ;
						TestTargetID = 4972F4CD1CB6088A00770F9C;
					};
				};
			};
			buildConfigurationList = 4972F4C91CB6088A00770F9C /* Build configuration list for PBXProject "aaaaa" */;
			compatibilityVersion = "Xcode 3.2";
			developmentRegion = English;
			hasScannedForEncodings = 0;
			knownRegions = (
				en,
				Base,
			);
			mainGroup = 4972F4C51CB6088A00770F9C;
			productRefGroup = 4972F4CF1CB6088A00770F9C /* Products */;
			projectDirPath = "";
			projectRoot = "";
			targets = (
				4972F4CD1CB6088A00770F9C /* aaaaa */,
				4972F4E61CB6088A00770F9C /* aaaaaTests */,
				4972F4F11CB6088A00770F9C /* aaaaaUITests */,
			);
		};
/* End PBXProject section */

/* Begin PBXResourcesBuildPhase section */
		4972F4CC1CB6088A00770F9C /* Resources */ = {
			isa = PBXResourcesBuildPhase;
			buildActionMask = 2147483647;
			files = (
				4972F4E11CB6088A00770F9C /* LaunchScreen.storyboard in Resources */,
				4972F5051CB6103000770F9C /* ConnectList.plist in Resources */,
				4972F4DE1CB6088A00770F9C /* Assets.xcassets in Resources */,
				4972F4DC1CB6088A00770F9C /* Main.storyboard in Resources */,
			);
			runOnlyForDeploymentPostprocessing = 0;
		};
		4972F4E51CB6088A00770F9C /* Resources */ = {
			isa = PBXResourcesBuildPhase;
			buildActionMask = 2147483647;
			files = (
			);
			runOnlyForDeploymentPostprocessing = 0;
		};
		4972F4F01CB6088A00770F9C /* Resources */ = {
			isa = PBXResourcesBuildPhase;
			buildActionMask = 2147483647;
			files = (
			);
			runOnlyForDeploymentPostprocessing = 0;
		};
/* End PBXResourcesBuildPhase section */

/* Begin PBXSourcesBuildPhase section */
		4972F4CA1CB6088A00770F9C /* Sources */ = {
			isa = PBXSourcesBuildPhase;
			buildActionMask = 2147483647;
			files = (
				4972F4D91CB6088A00770F9C /* ViewController.m in Sources */,
				4972F4D61CB6088A00770F9C /* AppDelegate.m in Sources */,
				4972F5081CB6105800770F9C /* HJConnect.m in Sources */,
				4972F4D31CB6088A00770F9C /* main.m in Sources */,
			);
			runOnlyForDeploymentPostprocessing = 0;
		};
		4972F4E31CB6088A00770F9C /* Sources */ = {
			isa = PBXSourcesBuildPhase;
			buildActionMask = 2147483647;
			files = (
				4972F4EC1CB6088A00770F9C /* aaaaaTests.m in Sources */,
			);
			runOnlyForDeploymentPostprocessing = 0;
		};
		4972F4EE1CB6088A00770F9C /* Sources */ = {
			isa = PBXSourcesBuildPhase;
			buildActionMask = 2147483647;
			files = (
				4972F4F71CB6088A00770F9C /* aaaaaUITests.m in Sources */,
			);
			runOnlyForDeploymentPostprocessing = 0;
		};
/* End PBXSourcesBuildPhase section */

/* Begin PBXTargetDependency section */
		4972F4E91CB6088A00770F9C /* PBXTargetDependency */ = {
			isa = PBXTargetDependency;
			target = 4972F4CD1CB6088A00770F9C /* aaaaa */;
			targetProxy = 4972F4E81CB6088A00770F9C /* PBXContainerItemProxy */;
		};
		4972F4F41CB6088A00770F9C /* PBXTargetDependency */ = {
			isa = PBXTargetDependency;
			target = 4972F4CD1CB6088A00770F9C /* aaaaa */;
			targetProxy = 4972F4F31CB6088A00770F9C /* PBXContainerItemProxy */;
		};
/* End PBXTargetDependency section */

/* Begin PBXVariantGroup section */
		4972F4DA1CB6088A00770F9C /* Main.storyboard */ = {
			isa = PBXVariantGroup;
			children = (
				4972F4DB1CB6088A00770F9C /* Base */,
			);
			name = Main.storyboard;
			sourceTree = "<group>";
		};
		4972F4DF1CB6088A00770F9C /* LaunchScreen.storyboard */ = {
			isa = PBXVariantGroup;
			children = (
				4972F4E01CB6088A00770F9C /* Base */,
			);
			name = LaunchScreen.storyboard;
			sourceTree = "<group>";
		};
/* End PBXVariantGroup section */

/* Begin XCBuildConfiguration section */
		4972F4F91CB6088A00770F9C /* Debug */ = {
			isa = XCBuildConfiguration;
			buildSettings = {
				ALWAYS_SEARCH_USER_PATHS = NO;
				CLANG_CXX_LANGUAGE_STANDARD = "gnu++0x";
				CLANG_CXX_LIBRARY = "libc++";
				CLANG_ENABLE_MODULES = YES;
				CLANG_ENABLE_OBJC_ARC = YES;
				CLANG_WARN_BOOL_CONVERSION = YES;
				CLANG_WARN_CONSTANT_CONVERSION = YES;
				CLANG_WARN_DIRECT_OBJC_ISA_USAGE = YES_ERROR;
				CLANG_WARN_EMPTY_BODY = YES;
				CLANG_WARN_ENUM_CONVERSION = YES;
				CLANG_WARN_INT_CONVERSION = YES;
				CLANG_WARN_OBJC_ROOT_CLASS = YES_ERROR;
				CLANG_WARN_UNREACHABLE_CODE = YES;
				CLANG_WARN__DUPLICATE_METHOD_MATCH = YES;
				"CODE_SIGN_IDENTITY[sdk=iphoneos*]" = "iPhone Developer";
				COPY_PHASE_STRIP = NO;
				DEBUG_INFORMATION_FORMAT = dwarf;
				ENABLE_STRICT_OBJC_MSGSEND = YES;
				ENABLE_TESTABILITY = YES;
				GCC_C_LANGUAGE_STANDARD = gnu99;
				GCC_DYNAMIC_NO_PIC = NO;
				GCC_NO_COMMON_BLOCKS = YES;
				GCC_OPTIMIZATION_LEVEL = 0;
				GCC_PREPROCESSOR_DEFINITIONS = (
					"DEBUG=1",
					"$(inherited)",
				);
				GCC_WARN_64_TO_32_BIT_CONVERSION = YES;
				GCC_WARN_ABOUT_RETURN_TYPE = YES_ERROR;
				GCC_WARN_UNDECLARED_SELECTOR = YES;
				GCC_WARN_UNINITIALIZED_AUTOS = YES_AGGRESSIVE;
				GCC_WARN_UNUSED_FUNCTION = YES;
				GCC_WARN_UNUSED_VARIABLE = YES;
				IPHONEOS_DEPLOYMENT_TARGET = 9.2;
				MTL_ENABLE_DEBUG_INFO = YES;
				ONLY_ACTIVE_ARCH = YES;
				SDKROOT = iphoneos;
				TARGETED_DEVICE_FAMILY = "1,2";
			};
			name = Debug;
		};
		4972F4FA1CB6088A00770F9C /* Release */ = {
			isa = XCBuildConfiguration;
			buildSettings = {
				ALWAYS_SEARCH_USER_PATHS = NO;
				CLANG_CXX_LANGUAGE_STANDARD = "gnu++0x";
				CLANG_CXX_LIBRARY = "libc++";
				CLANG_ENABLE_MODULES = YES;
				CLANG_ENABLE_OBJC_ARC = YES;
				CLANG_WARN_BOOL_CONVERSION = YES;
				CLANG_WARN_CONSTANT_CONVERSION = YES;
				CLANG_WARN_DIRECT_OBJC_ISA_USAGE = YES_ERROR;
				CLANG_WARN_EMPTY_BODY = YES;
				CLANG_WARN_ENUM_CONVERSION = YES;
				CLANG_WARN_INT_CONVERSION = YES;
				CLANG_WARN_OBJC_ROOT_CLASS = YES_ERROR;
				CLANG_WARN_UNREACHABLE_CODE = YES;
				CLANG_WARN__DUPLICATE_METHOD_MATCH = YES;
				"CODE_SIGN_IDENTITY[sdk=iphoneos*]" = "iPhone Developer";
				COPY_PHASE_STRIP = NO;
				DEBUG_INFORMATION_FORMAT = "dwarf-with-dsym";
				ENABLE_NS_ASSERTIONS = NO;
				ENABLE_STRICT_OBJC_MSGSEND = YES;
				GCC_C_LANGUAGE_STANDARD = gnu99;
				GCC_NO_COMMON_BLOCKS = YES;
				GCC_WARN_64_TO_32_BIT_CONVERSION = YES;
				GCC_WARN_ABOUT_RETURN_TYPE = YES_ERROR;
				GCC_WARN_UNDECLARED_SELECTOR = YES;
				GCC_WARN_UNINITIALIZED_AUTOS = YES_AGGRESSIVE;
				GCC_WARN_UNUSED_FUNCTION = YES;
				GCC_WARN_UNUSED_VARIABLE = YES;
				IPHONEOS_DEPLOYMENT_TARGET = 9.2;
				MTL_ENABLE_DEBUG_INFO = NO;
				SDKROOT = iphoneos;
				TARGETED_DEVICE_FAMILY = "1,2";
				VALIDATE_PRODUCT = YES;
			};
			name = Release;
		};
		4972F4FC1CB6088A00770F9C /* Debug */ = {
			isa = XCBuildConfiguration;
			buildSettings = {
				ASSETCATALOG_COMPILER_APPICON_NAME = AppIcon;
				INFOPLIST_FILE = aaaaa/Info.plist;
				LD_RUNPATH_SEARCH_PATHS = "$(inherited) @executable_path/Frameworks";
				PRODUCT_BUNDLE_IDENTIFIER = zzz.aaaaa;
				PRODUCT_NAME = "$(TARGET_NAME)";
			};
			name = Debug;
		};
		4972F4FD1CB6088A00770F9C /* Release */ = {
			isa = XCBuildConfiguration;
			buildSettings = {
				ASSETCATALOG_COMPILER_APPICON_NAME = AppIcon;
				INFOPLIST_FILE = aaaaa/Info.plist;
				LD_RUNPATH_SEARCH_PATHS = "$(inherited) @executable_path/Frameworks";
				PRODUCT_BUNDLE_IDENTIFIER = zzz.aaaaa;
				PRODUCT_NAME = "$(TARGET_NAME)";
			};
			name = Release;
		};
		4972F4FF1CB6088A00770F9C /* Debug */ = {
			isa = XCBuildConfiguration;
			buildSettings = {
				BUNDLE_LOADER = "$(TEST_HOST)";
				INFOPLIST_FILE = aaaaaTests/Info.plist;
				LD_RUNPATH_SEARCH_PATHS = "$(inherited) @executable_path/Frameworks @loader_path/Frameworks";
				PRODUCT_BUNDLE_IDENTIFIER = zzz.aaaaaTests;
				PRODUCT_NAME = "$(TARGET_NAME)";
				TEST_HOST = "$(BUILT_PRODUCTS_DIR)/aaaaa.app/aaaaa";
			};
			name = Debug;
		};
		4972F5001CB6088A00770F9C /* Release */ = {
			isa = XCBuildConfiguration;
			buildSettings = {
				BUNDLE_LOADER = "$(TEST_HOST)";
				INFOPLIST_FILE = aaaaaTests/Info.plist;
				LD_RUNPATH_SEARCH_PATHS = "$(inherited) @executable_path/Frameworks @loader_path/Frameworks";
				PRODUCT_BUNDLE_IDENTIFIER = zzz.aaaaaTests;
				PRODUCT_NAME = "$(TARGET_NAME)";
				TEST_HOST = "$(BUILT_PRODUCTS_DIR)/aaaaa.app/aaaaa";
			};
			name = Release;
		};
		4972F5021CB6088A00770F9C /* Debug */ = {
			isa = XCBuildConfiguration;
			buildSettings = {
				INFOPLIST_FILE = aaaaaUITests/Info.plist;
				LD_RUNPATH_SEARCH_PATHS = "$(inherited) @executable_path/Frameworks @loader_path/Frameworks";
				PRODUCT_BUNDLE_IDENTIFIER = zzz.aaaaaUITests;
				PRODUCT_NAME = "$(TARGET_NAME)";
				TEST_TARGET_NAME = aaaaa;
				USES_XCTRUNNER = YES;
			};
			name = Debug;
		};
		4972F5031CB6088A00770F9C /* Release */ = {
			isa = XCBuildConfiguration;
			buildSettings = {
				INFOPLIST_FILE = aaaaaUITests/Info.plist;
				LD_RUNPATH_SEARCH_PATHS = "$(inherited) @executable_path/Frameworks @loader_path/Frameworks";
				PRODUCT_BUNDLE_IDENTIFIER = zzz.aaaaaUITests;
				PRODUCT_NAME = "$(TARGET_NAME)";
				TEST_TARGET_NAME = aaaaa;
				USES_XCTRUNNER = YES;
			};
			name = Release;
		};
/* End XCBuildConfiguration section */

/* Begin XCConfigurationList section */
		4972F4C91CB6088A00770F9C /* Build configuration list for PBXProject "aaaaa" */ = {
			isa = XCConfigurationList;
			buildConfigurations = (
				4972F4F91CB6088A00770F9C /* Debug */,
				4972F4FA1CB6088A00770F9C /* Release */,
			);
			defaultConfigurationIsVisible = 0;
			defaultConfigurationName = Release;
		};
		4972F4FB1CB6088A00770F9C /* Build configuration list for PBXNativeTarget "aaaaa" */ = {
			isa = XCConfigurationList;
			buildConfigurations = (
				4972F4FC1CB6088A00770F9C /* Debug */,
				4972F4FD1CB6088A00770F9C /* Release */,
			);
			defaultConfigurationIsVisible = 0;
		};
		4972F4FE1CB6088A00770F9C /* Build configuration list for PBXNativeTarget "aaaaaTests" */ = {
			isa = XCConfigurationList;
			buildConfigurations = (
				4972F4FF1CB6088A00770F9C /* Debug */,
				4972F5001CB6088A00770F9C /* Release */,
			);
			defaultConfigurationIsVisible = 0;
		};
		4972F5011CB6088A00770F9C /* Build configuration list for PBXNativeTarget "aaaaaUITests" */ = {
			isa = XCConfigurationList;
			buildConfigurations = (
				4972F5021CB6088A00770F9C /* Debug */,
				4972F5031CB6088A00770F9C /* Release */,
			);
			defaultConfigurationIsVisible = 0;
		};
/* End XCConfigurationList section */
	};
	rootObject = 4972F4C61CB6088A00770F9C /* Project object */;
}
